
Microsoft Visual Studio Solution File, Format Version 12.00
# Visual Studio Version 16
VisualStudioVersion = 16.0.30804.86
MinimumVisualStudioVersion = 10.0.40219.1
Project("{FAE04EC0-301F-11D3-BF4B-00C04F79EFBC}") = "BooksMadeIntoMovies_Frontend", "BooksMadeIntoMovies_Frontend\BooksMadeIntoMovies_Frontend.csproj", "{47E648A6-3F45-4F7D-9701-DBD9A7718A8D}"
EndProject
Global
	GlobalSection(SolutionConfigurationPlatforms) = preSolution
		Debug|Any CPU = Debug|Any CPU
		Release|Any CPU = Release|Any CPU
	EndGlobalSection
	GlobalSection(ProjectConfigurationPlatforms) = postSolution
		{47E648A6-3F45-4F7D-9701-DBD9A7718A8D}.Debug|Any CPU.ActiveCfg = Debug|Any CPU
		{47E648A6-3F45-4F7D-9701-DBD9A7718A8D}.Debug|Any CPU.Build.0 = Debug|Any CPU
		{47E648A6-3F45-4F7D-9701-DBD9A7718A8D}.Release|Any CPU.ActiveCfg = Release|Any CPU
		{47E648A6-3F45-4F7D-9701-DBD9A7718A8D}.Release|Any CPU.Build.0 = Release|Any CPU
	EndGlobalSection
	GlobalSection(SolutionProperties) = preSolution
		HideSolutionNode = FALSE
	EndGlobalSection
	GlobalSection(ExtensibilityGlobals) = postSolution
		SolutionGuid = {7146AA29-7C22-43EB-A694-2869C7DF9604}
	EndGlobalSection
EndGlobal
